
Microsoft Visual Studio Solution File, Format Version 12.00
# Visual Studio Version 17
VisualStudioVersion = 17.14.36401.2 d17.14
MinimumVisualStudioVersion = 10.0.40219.1
Project("{FAE04EC0-301F-11D3-BF4B-00C04F79EFBC}") = "InheritanceAndMethodOverriding", "InheritanceAndMethodOverriding.csproj", "{F7543E32-3C38-455E-9366-9AA81E1153F4}"
EndProject
Project("{FAE04EC0-301F-11D3-BF4B-00C04F79EFBC}") = "AbstractClassAndMethods", "..\AbstractClassAndMethods\AbstractClassAndMethods.csproj", "{AF320AAA-8CD8-404E-BF15-0494D79BD914}"
EndProject
Project("{FAE04EC0-301F-11D3-BF4B-00C04F79EFBC}") = "Interfaces", "..\Interfaces\Interfaces.csproj", "{4D5CFE3B-814A-474F-9D70-4900AC13269C}"
EndProject
Global
	GlobalSection(SolutionConfigurationPlatforms) = preSolution
		Debug|Any CPU = Debug|Any CPU
		Release|Any CPU = Release|Any CPU
	EndGlobalSection
	GlobalSection(ProjectConfigurationPlatforms) = postSolution
		{F7543E32-3C38-455E-9366-9AA81E1153F4}.Debug|Any CPU.ActiveCfg = Debug|Any CPU
		{F7543E32-3C38-455E-9366-9AA81E1153F4}.Debug|Any CPU.Build.0 = Debug|Any CPU
		{F7543E32-3C38-455E-9366-9AA81E1153F4}.Release|Any CPU.ActiveCfg = Release|Any CPU
		{F7543E32-3C38-455E-9366-9AA81E1153F4}.Release|Any CPU.Build.0 = Release|Any CPU
		{AF320AAA-8CD8-404E-BF15-0494D79BD914}.Debug|Any CPU.ActiveCfg = Debug|Any CPU
		{AF320AAA-8CD8-404E-BF15-0494D79BD914}.Debug|Any CPU.Build.0 = Debug|Any CPU
		{AF320AAA-8CD8-404E-BF15-0494D79BD914}.Release|Any CPU.ActiveCfg = Release|Any CPU
		{AF320AAA-8CD8-404E-BF15-0494D79BD914}.Release|Any CPU.Build.0 = Release|Any CPU
		{4D5CFE3B-814A-474F-9D70-4900AC13269C}.Debug|Any CPU.ActiveCfg = Debug|Any CPU
		{4D5CFE3B-814A-474F-9D70-4900AC13269C}.Debug|Any CPU.Build.0 = Debug|Any CPU
		{4D5CFE3B-814A-474F-9D70-4900AC13269C}.Release|Any CPU.ActiveCfg = Release|Any CPU
		{4D5CFE3B-814A-474F-9D70-4900AC13269C}.Release|Any CPU.Build.0 = Release|Any CPU
	EndGlobalSection
	GlobalSection(SolutionProperties) = preSolution
		HideSolutionNode = FALSE
	EndGlobalSection
	GlobalSection(ExtensibilityGlobals) = postSolution
		SolutionGuid = {210F43D3-6167-4C3D-94F6-829B61CAD9B8}
	EndGlobalSection
EndGlobal
